
Microsoft Visual Studio Solution File, Format Version 12.00
# Visual Studio 15
VisualStudioVersion = 15.0.28307.168
MinimumVisualStudioVersion = 10.0.40219.1
Project("{E24C65DC-7377-472B-9ABA-BC803B73C61A}") = "Chat_Bot", "Chat_Bot\", "{11820AA6-AA09-43FB-BA21-935173226E56}"
	ProjectSection(WebsiteProperties) = preProject
		TargetFrameworkMoniker = ".NETFramework,Version%3Dv4.6.1"
		Debug.AspNetCompiler.VirtualPath = "/localhost_61495"
		Debug.AspNetCompiler.PhysicalPath = "Chat_Bot\"
		Debug.AspNetCompiler.TargetPath = "PrecompiledWeb\localhost_61495\"
		Debug.AspNetCompiler.Updateable = "true"
		Debug.AspNetCompiler.ForceOverwrite = "true"
		Debug.AspNetCompiler.FixedNames = "false"
		Debug.AspNetCompiler.Debug = "True"
		Release.AspNetCompiler.VirtualPath = "/localhost_61495"
		Release.AspNetCompiler.PhysicalPath = "Chat_Bot\"
		Release.AspNetCompiler.TargetPath = "PrecompiledWeb\localhost_61495\"
		Release.AspNetCompiler.Updateable = "true"
		Release.AspNetCompiler.ForceOverwrite = "true"
		Release.AspNetCompiler.FixedNames = "false"
		Release.AspNetCompiler.Debug = "False"
		VWDPort = "61495"
		DefaultWebSiteLanguage = "Visual C#"
	EndProjectSection
EndProject
Project("{E24C65DC-7377-472B-9ABA-BC803B73C61A}") = "WebClient", "WebClient\", "{269256AD-7481-4769-B83C-E16FEF70D08D}"
	ProjectSection(WebsiteProperties) = preProject
		TargetFrameworkMoniker = ".NETFramework,Version%3Dv4.6.1"
		Debug.AspNetCompiler.VirtualPath = "/localhost_61733"
		Debug.AspNetCompiler.PhysicalPath = "WebClient\"
		Debug.AspNetCompiler.TargetPath = "PrecompiledWeb\localhost_61733\"
		Debug.AspNetCompiler.Updateable = "true"
		Debug.AspNetCompiler.ForceOverwrite = "true"
		Debug.AspNetCompiler.FixedNames = "false"
		Debug.AspNetCompiler.Debug = "True"
		Release.AspNetCompiler.VirtualPath = "/localhost_61733"
		Release.AspNetCompiler.PhysicalPath = "WebClient\"
		Release.AspNetCompiler.TargetPath = "PrecompiledWeb\localhost_61733\"
		Release.AspNetCompiler.Updateable = "true"
		Release.AspNetCompiler.ForceOverwrite = "true"
		Release.AspNetCompiler.FixedNames = "false"
		Release.AspNetCompiler.Debug = "False"
		VWDPort = "61733"
		DefaultWebSiteLanguage = "Visual C#"
	EndProjectSection
	ProjectSection(ProjectDependencies) = postProject
		{11820AA6-AA09-43FB-BA21-935173226E56} = {11820AA6-AA09-43FB-BA21-935173226E56}
	EndProjectSection
EndProject
Global
	GlobalSection(SolutionConfigurationPlatforms) = preSolution
		Debug|Any CPU = Debug|Any CPU
	EndGlobalSection
	GlobalSection(ProjectConfigurationPlatforms) = postSolution
		{11820AA6-AA09-43FB-BA21-935173226E56}.Debug|Any CPU.ActiveCfg = Debug|Any CPU
		{11820AA6-AA09-43FB-BA21-935173226E56}.Debug|Any CPU.Build.0 = Debug|Any CPU
		{269256AD-7481-4769-B83C-E16FEF70D08D}.Debug|Any CPU.ActiveCfg = Debug|Any CPU
		{269256AD-7481-4769-B83C-E16FEF70D08D}.Debug|Any CPU.Build.0 = Debug|Any CPU
	EndGlobalSection
	GlobalSection(SolutionProperties) = preSolution
		HideSolutionNode = FALSE
	EndGlobalSection
	GlobalSection(ExtensibilityGlobals) = postSolution
		SolutionGuid = {DB47017B-D7D6-475C-8EA6-87C4DC0448A5}
	EndGlobalSection
EndGlobal
